
Microsoft Visual Studio Solution File, Format Version 12.00
# Visual Studio Version 17
VisualStudioVersion = 17.2.32630.192
MinimumVisualStudioVersion = 10.0.40219.1
Project("{FAE04EC0-301F-11D3-BF4B-00C04F79EFBC}") = "SmartBuildingConsoleApp", "SmartBuildingConsoleApp\SmartBuildingConsoleApp.csproj", "{C17895CA-0450-433E-ADAA-2276036417A5}"
EndProject
Project("{2150E333-8FDC-42A3-9474-1A3956D46DE8}") = "Solution Items", "Solution Items", "{D6F727E2-1A42-426D-AE5C-7983412FD9B6}"
	ProjectSection(SolutionItems) = preProject
		.gitignore = .gitignore
	EndProjectSection
EndProject
Global
	GlobalSection(SolutionConfigurationPlatforms) = preSolution
		Debug|Any CPU = Debug|Any CPU
		Release|Any CPU = Release|Any CPU
	EndGlobalSection
	GlobalSection(ProjectConfigurationPlatforms) = postSolution
		{C17895CA-0450-433E-ADAA-2276036417A5}.Debug|Any CPU.ActiveCfg = Debug|Any CPU
		{C17895CA-0450-433E-ADAA-2276036417A5}.Debug|Any CPU.Build.0 = Debug|Any CPU
		{C17895CA-0450-433E-ADAA-2276036417A5}.Release|Any CPU.ActiveCfg = Release|Any CPU
		{C17895CA-0450-433E-ADAA-2276036417A5}.Release|Any CPU.Build.0 = Release|Any CPU
	EndGlobalSection
	GlobalSection(SolutionProperties) = preSolution
		HideSolutionNode = FALSE
	EndGlobalSection
	GlobalSection(ExtensibilityGlobals) = postSolution
		SolutionGuid = {1AF4DDC4-10D8-47D4-907B-45B5FAEF8F1A}
	EndGlobalSection
EndGlobal
